
Microsoft Visual Studio Solution File, Format Version 12.00
Project("{2150E333-8FDC-42A3-9474-1A3956D46DE8}") = "src", "src", "{DABA362F-0A8F-4B27-9F60-C92A4A442512}"
EndProject
Project("{2150E333-8FDC-42A3-9474-1A3956D46DE8}") = "test", "test", "{0D89BDDA-A4EB-43F6-9B16-6A41470DB13E}"
EndProject
Project("{FAE04EC0-301F-11D3-BF4B-00C04F79EFBC}") = "Aevatar.Workshop.Client", "src\Aevatar.Workshop.Client\Aevatar.Workshop.Client.csproj", "{C531EDB6-7441-49A4-B250-75718BEDB2C7}"
EndProject
Project("{FAE04EC0-301F-11D3-BF4B-00C04F79EFBC}") = "Aevatar.Workshop.Host", "src\Aevatar.Workshop.Host\Aevatar.Workshop.Host.csproj", "{057FBEE7-E1EC-457C-A2B5-9C5FA17574F8}"
EndProject
Project("{FAE04EC0-301F-11D3-BF4B-00C04F79EFBC}") = "PsiOrleans.Common", "src\PsiOrleans.Common\PsiOrleans.Common.csproj", "{C715528F-945A-407A-A5CA-998810920B78}"
EndProject
Project("{FAE04EC0-301F-11D3-BF4B-00C04F79EFBC}") = "PsiOrleans.Plugins", "src\PsiOrleans.Plugins\PsiOrleans.Plugins.csproj", "{3736B3EC-739D-4E28-BE0E-9D1FAC31AD76}"
EndProject
Project("{FAE04EC0-301F-11D3-BF4B-00C04F79EFBC}") = "PsiOrleans.Common.Tests", "src\PsiOrleans.Common.Tests\PsiOrleans.Common.Tests.csproj", "{A54FBFD3-873D-4831-8378-688C298095C7}"
EndProject
Project("{FAE04EC0-301F-11D3-BF4B-00C04F79EFBC}") = "PsiGAgent.Omni", "src\PsiGAgent.Omni\PsiGAgent.Omni.csproj", "{DFA4D15C-7370-4116-B9DC-8FAF2ED19622}"
EndProject
Project("{FAE04EC0-301F-11D3-BF4B-00C04F79EFBC}") = "Psi.CliOmni", "src\Psi.CliOmni\Psi.CliOmni.csproj", "{37906FBB-CEE7-4AB0-A645-1353B3EF473D}"
EndProject
Global
	GlobalSection(SolutionConfigurationPlatforms) = preSolution
		Debug|Any CPU = Debug|Any CPU
		Debug|x64 = Debug|x64
		Debug|x86 = Debug|x86
		Release|Any CPU = Release|Any CPU
		Release|x64 = Release|x64
		Release|x86 = Release|x86
	EndGlobalSection
	GlobalSection(ProjectConfigurationPlatforms) = postSolution
		{C531EDB6-7441-49A4-B250-75718BEDB2C7}.Debug|Any CPU.ActiveCfg = Debug|Any CPU
		{C531EDB6-7441-49A4-B250-75718BEDB2C7}.Debug|Any CPU.Build.0 = Debug|Any CPU
		{C531EDB6-7441-49A4-B250-75718BEDB2C7}.Debug|x64.ActiveCfg = Debug|Any CPU
		{C531EDB6-7441-49A4-B250-75718BEDB2C7}.Debug|x64.Build.0 = Debug|Any CPU
		{C531EDB6-7441-49A4-B250-75718BEDB2C7}.Debug|x86.ActiveCfg = Debug|Any CPU
		{C531EDB6-7441-49A4-B250-75718BEDB2C7}.Debug|x86.Build.0 = Debug|Any CPU
		{C531EDB6-7441-49A4-B250-75718BEDB2C7}.Release|Any CPU.ActiveCfg = Release|Any CPU
		{C531EDB6-7441-49A4-B250-75718BEDB2C7}.Release|Any CPU.Build.0 = Release|Any CPU
		{C531EDB6-7441-49A4-B250-75718BEDB2C7}.Release|x64.ActiveCfg = Release|Any CPU
		{C531EDB6-7441-49A4-B250-75718BEDB2C7}.Release|x64.Build.0 = Release|Any CPU
		{C531EDB6-7441-49A4-B250-75718BEDB2C7}.Release|x86.ActiveCfg = Release|Any CPU
		{C531EDB6-7441-49A4-B250-75718BEDB2C7}.Release|x86.Build.0 = Release|Any CPU
		{057FBEE7-E1EC-457C-A2B5-9C5FA17574F8}.Debug|Any CPU.ActiveCfg = Debug|Any CPU
		{057FBEE7-E1EC-457C-A2B5-9C5FA17574F8}.Debug|Any CPU.Build.0 = Debug|Any CPU
		{057FBEE7-E1EC-457C-A2B5-9C5FA17574F8}.Debug|x64.ActiveCfg = Debug|Any CPU
		{057FBEE7-E1EC-457C-A2B5-9C5FA17574F8}.Debug|x64.Build.0 = Debug|Any CPU
		{057FBEE7-E1EC-457C-A2B5-9C5FA17574F8}.Debug|x86.ActiveCfg = Debug|Any CPU
		{057FBEE7-E1EC-457C-A2B5-9C5FA17574F8}.Debug|x86.Build.0 = Debug|Any CPU
		{057FBEE7-E1EC-457C-A2B5-9C5FA17574F8}.Release|Any CPU.ActiveCfg = Release|Any CPU
		{057FBEE7-E1EC-457C-A2B5-9C5FA17574F8}.Release|Any CPU.Build.0 = Release|Any CPU
		{057FBEE7-E1EC-457C-A2B5-9C5FA17574F8}.Release|x64.ActiveCfg = Release|Any CPU
		{057FBEE7-E1EC-457C-A2B5-9C5FA17574F8}.Release|x64.Build.0 = Release|Any CPU
		{057FBEE7-E1EC-457C-A2B5-9C5FA17574F8}.Release|x86.ActiveCfg = Release|Any CPU
		{057FBEE7-E1EC-457C-A2B5-9C5FA17574F8}.Release|x86.Build.0 = Release|Any CPU
		{C715528F-945A-407A-A5CA-998810920B78}.Debug|Any CPU.ActiveCfg = Debug|Any CPU
		{C715528F-945A-407A-A5CA-998810920B78}.Debug|Any CPU.Build.0 = Debug|Any CPU
		{C715528F-945A-407A-A5CA-998810920B78}.Debug|x64.ActiveCfg = Debug|Any CPU
		{C715528F-945A-407A-A5CA-998810920B78}.Debug|x64.Build.0 = Debug|Any CPU
		{C715528F-945A-407A-A5CA-998810920B78}.Debug|x86.ActiveCfg = Debug|Any CPU
		{C715528F-945A-407A-A5CA-998810920B78}.Debug|x86.Build.0 = Debug|Any CPU
		{C715528F-945A-407A-A5CA-998810920B78}.Release|Any CPU.ActiveCfg = Release|Any CPU
		{C715528F-945A-407A-A5CA-998810920B78}.Release|Any CPU.Build.0 = Release|Any CPU
		{C715528F-945A-407A-A5CA-998810920B78}.Release|x64.ActiveCfg = Release|Any CPU
		{C715528F-945A-407A-A5CA-998810920B78}.Release|x64.Build.0 = Release|Any CPU
		{C715528F-945A-407A-A5CA-998810920B78}.Release|x86.ActiveCfg = Release|Any CPU
		{C715528F-945A-407A-A5CA-998810920B78}.Release|x86.Build.0 = Release|Any CPU
		{3736B3EC-739D-4E28-BE0E-9D1FAC31AD76}.Debug|Any CPU.ActiveCfg = Debug|Any CPU
		{3736B3EC-739D-4E28-BE0E-9D1FAC31AD76}.Debug|Any CPU.Build.0 = Debug|Any CPU
		{3736B3EC-739D-4E28-BE0E-9D1FAC31AD76}.Debug|x64.ActiveCfg = Debug|Any CPU
		{3736B3EC-739D-4E28-BE0E-9D1FAC31AD76}.Debug|x64.Build.0 = Debug|Any CPU
		{3736B3EC-739D-4E28-BE0E-9D1FAC31AD76}.Debug|x86.ActiveCfg = Debug|Any CPU
		{3736B3EC-739D-4E28-BE0E-9D1FAC31AD76}.Debug|x86.Build.0 = Debug|Any CPU
		{3736B3EC-739D-4E28-BE0E-9D1FAC31AD76}.Release|Any CPU.ActiveCfg = Release|Any CPU
		{3736B3EC-739D-4E28-BE0E-9D1FAC31AD76}.Release|Any CPU.Build.0 = Release|Any CPU
		{3736B3EC-739D-4E28-BE0E-9D1FAC31AD76}.Release|x64.ActiveCfg = Release|Any CPU
		{3736B3EC-739D-4E28-BE0E-9D1FAC31AD76}.Release|x64.Build.0 = Release|Any CPU
		{3736B3EC-739D-4E28-BE0E-9D1FAC31AD76}.Release|x86.ActiveCfg = Release|Any CPU
		{3736B3EC-739D-4E28-BE0E-9D1FAC31AD76}.Release|x86.Build.0 = Release|Any CPU
		{A54FBFD3-873D-4831-8378-688C298095C7}.Debug|Any CPU.ActiveCfg = Debug|Any CPU
		{A54FBFD3-873D-4831-8378-688C298095C7}.Debug|Any CPU.Build.0 = Debug|Any CPU
		{A54FBFD3-873D-4831-8378-688C298095C7}.Debug|x64.ActiveCfg = Debug|Any CPU
		{A54FBFD3-873D-4831-8378-688C298095C7}.Debug|x64.Build.0 = Debug|Any CPU
		{A54FBFD3-873D-4831-8378-688C298095C7}.Debug|x86.ActiveCfg = Debug|Any CPU
		{A54FBFD3-873D-4831-8378-688C298095C7}.Debug|x86.Build.0 = Debug|Any CPU
		{A54FBFD3-873D-4831-8378-688C298095C7}.Release|Any CPU.ActiveCfg = Release|Any CPU
		{A54FBFD3-873D-4831-8378-688C298095C7}.Release|Any CPU.Build.0 = Release|Any CPU
		{A54FBFD3-873D-4831-8378-688C298095C7}.Release|x64.ActiveCfg = Release|Any CPU
		{A54FBFD3-873D-4831-8378-688C298095C7}.Release|x64.Build.0 = Release|Any CPU
		{A54FBFD3-873D-4831-8378-688C298095C7}.Release|x86.ActiveCfg = Release|Any CPU
		{A54FBFD3-873D-4831-8378-688C298095C7}.Release|x86.Build.0 = Release|Any CPU
		{DFA4D15C-7370-4116-B9DC-8FAF2ED19622}.Debug|Any CPU.ActiveCfg = Debug|Any CPU
		{DFA4D15C-7370-4116-B9DC-8FAF2ED19622}.Debug|Any CPU.Build.0 = Debug|Any CPU
		{DFA4D15C-7370-4116-B9DC-8FAF2ED19622}.Debug|x64.ActiveCfg = Debug|Any CPU
		{DFA4D15C-7370-4116-B9DC-8FAF2ED19622}.Debug|x64.Build.0 = Debug|Any CPU
		{DFA4D15C-7370-4116-B9DC-8FAF2ED19622}.Debug|x86.ActiveCfg = Debug|Any CPU
		{DFA4D15C-7370-4116-B9DC-8FAF2ED19622}.Debug|x86.Build.0 = Debug|Any CPU
		{DFA4D15C-7370-4116-B9DC-8FAF2ED19622}.Release|Any CPU.ActiveCfg = Release|Any CPU
		{DFA4D15C-7370-4116-B9DC-8FAF2ED19622}.Release|Any CPU.Build.0 = Release|Any CPU
		{DFA4D15C-7370-4116-B9DC-8FAF2ED19622}.Release|x64.ActiveCfg = Release|Any CPU
		{DFA4D15C-7370-4116-B9DC-8FAF2ED19622}.Release|x64.Build.0 = Release|Any CPU
		{DFA4D15C-7370-4116-B9DC-8FAF2ED19622}.Release|x86.ActiveCfg = Release|Any CPU
		{DFA4D15C-7370-4116-B9DC-8FAF2ED19622}.Release|x86.Build.0 = Release|Any CPU
		{37906FBB-CEE7-4AB0-A645-1353B3EF473D}.Debug|Any CPU.ActiveCfg = Debug|Any CPU
		{37906FBB-CEE7-4AB0-A645-1353B3EF473D}.Debug|Any CPU.Build.0 = Debug|Any CPU
		{37906FBB-CEE7-4AB0-A645-1353B3EF473D}.Debug|x64.ActiveCfg = Debug|Any CPU
		{37906FBB-CEE7-4AB0-A645-1353B3EF473D}.Debug|x64.Build.0 = Debug|Any CPU
		{37906FBB-CEE7-4AB0-A645-1353B3EF473D}.Debug|x86.ActiveCfg = Debug|Any CPU
		{37906FBB-CEE7-4AB0-A645-1353B3EF473D}.Debug|x86.Build.0 = Debug|Any CPU
		{37906FBB-CEE7-4AB0-A645-1353B3EF473D}.Release|Any CPU.ActiveCfg = Release|Any CPU
		{37906FBB-CEE7-4AB0-A645-1353B3EF473D}.Release|Any CPU.Build.0 = Release|Any CPU
		{37906FBB-CEE7-4AB0-A645-1353B3EF473D}.Release|x64.ActiveCfg = Release|Any CPU
		{37906FBB-CEE7-4AB0-A645-1353B3EF473D}.Release|x64.Build.0 = Release|Any CPU
		{37906FBB-CEE7-4AB0-A645-1353B3EF473D}.Release|x86.ActiveCfg = Release|Any CPU
		{37906FBB-CEE7-4AB0-A645-1353B3EF473D}.Release|x86.Build.0 = Release|Any CPU
	EndGlobalSection
	GlobalSection(SolutionProperties) = preSolution
		HideSolutionNode = FALSE
	EndGlobalSection
	GlobalSection(NestedProjects) = preSolution
		{C531EDB6-7441-49A4-B250-75718BEDB2C7} = {DABA362F-0A8F-4B27-9F60-C92A4A442512}
		{057FBEE7-E1EC-457C-A2B5-9C5FA17574F8} = {DABA362F-0A8F-4B27-9F60-C92A4A442512}
		{C715528F-945A-407A-A5CA-998810920B78} = {DABA362F-0A8F-4B27-9F60-C92A4A442512}
		{3736B3EC-739D-4E28-BE0E-9D1FAC31AD76} = {DABA362F-0A8F-4B27-9F60-C92A4A442512}
		{A54FBFD3-873D-4831-8378-688C298095C7} = {0D89BDDA-A4EB-43F6-9B16-6A41470DB13E}
		{DFA4D15C-7370-4116-B9DC-8FAF2ED19622} = {DABA362F-0A8F-4B27-9F60-C92A4A442512}
		{37906FBB-CEE7-4AB0-A645-1353B3EF473D} = {DABA362F-0A8F-4B27-9F60-C92A4A442512}
	EndGlobalSection
EndGlobal
